
Microsoft Visual Studio Solution File, Format Version 12.00
# Visual Studio Version 16
VisualStudioVersion = 16.0.30204.135
MinimumVisualStudioVersion = 10.0.40219.1
Project("{FAE04EC0-301F-11D3-BF4B-00C04F79EFBC}") = "ScoreCalculator", "ScoreCalculator\ScoreCalculator.csproj", "{BE0775F9-3F71-4FBB-A934-F87FF7889625}"
EndProject
Global
	GlobalSection(SolutionConfigurationPlatforms) = preSolution
		Debug|Any CPU = Debug|Any CPU
		Release|Any CPU = Release|Any CPU
	EndGlobalSection
	GlobalSection(ProjectConfigurationPlatforms) = postSolution
		{BE0775F9-3F71-4FBB-A934-F87FF7889625}.Debug|Any CPU.ActiveCfg = Debug|Any CPU
		{BE0775F9-3F71-4FBB-A934-F87FF7889625}.Debug|Any CPU.Build.0 = Debug|Any CPU
		{BE0775F9-3F71-4FBB-A934-F87FF7889625}.Release|Any CPU.ActiveCfg = Release|Any CPU
		{BE0775F9-3F71-4FBB-A934-F87FF7889625}.Release|Any CPU.Build.0 = Release|Any CPU
	EndGlobalSection
	GlobalSection(SolutionProperties) = preSolution
		HideSolutionNode = FALSE
	EndGlobalSection
	GlobalSection(ExtensibilityGlobals) = postSolution
		SolutionGuid = {3587DD8A-37AA-4C4B-BA62-AA2692E7289E}
	EndGlobalSection
EndGlobal
